
Microsoft Visual Studio Solution File, Format Version 12.00
# Visual Studio Version 16
VisualStudioVersion = 16.0.29911.84
MinimumVisualStudioVersion = 10.0.40219.1
Project("{FAE04EC0-301F-11D3-BF4B-00C04F79EFBC}") = "HospitalInformationManagementSystem", "HospitalInformationManagementSystem\HospitalInformationManagementSystem.csproj", "{D20BC93B-5441-4A48-9390-3313322B1C17}"
EndProject
Global
	GlobalSection(SolutionConfigurationPlatforms) = preSolution
		Debug|Any CPU = Debug|Any CPU
		Release|Any CPU = Release|Any CPU
	EndGlobalSection
	GlobalSection(ProjectConfigurationPlatforms) = postSolution
		{D20BC93B-5441-4A48-9390-3313322B1C17}.Debug|Any CPU.ActiveCfg = Debug|Any CPU
		{D20BC93B-5441-4A48-9390-3313322B1C17}.Debug|Any CPU.Build.0 = Debug|Any CPU
		{D20BC93B-5441-4A48-9390-3313322B1C17}.Release|Any CPU.ActiveCfg = Release|Any CPU
		{D20BC93B-5441-4A48-9390-3313322B1C17}.Release|Any CPU.Build.0 = Release|Any CPU
	EndGlobalSection
	GlobalSection(SolutionProperties) = preSolution
		HideSolutionNode = FALSE
	EndGlobalSection
	GlobalSection(ExtensibilityGlobals) = postSolution
		SolutionGuid = {3061F50F-0234-422C-9E9E-A4753EC0412E}
	EndGlobalSection
EndGlobal
